
Microsoft Visual Studio Solution File, Format Version 12.00
Project("{FAE04EC0-301F-11D3-BF4B-00C04F79EFBC}") = "TicTacToe.UnitTests", "TicTacToe.UnitTests\TicTacToe.UnitTests.csproj", "{B078871B-06FF-4FA5-8302-415F560F64ED}"
EndProject
Project("{FAE04EC0-301F-11D3-BF4B-00C04F79EFBC}") = "TicTacToe", "TicTacToe\TicTacToe.csproj", "{6C0209F8-D8D5-45F8-AE1A-3170D5BA1430}"
EndProject
Project("{FAE04EC0-301F-11D3-BF4B-00C04F79EFBC}") = "TicTacToe.Cli", "TicTacToe.Cli\TicTacToe.Cli.csproj", "{48DA794A-4EFA-4E83-B717-B5C1A1FA5E42}"
EndProject
Global
	GlobalSection(SolutionConfigurationPlatforms) = preSolution
		Debug|Any CPU = Debug|Any CPU
		Release|Any CPU = Release|Any CPU
	EndGlobalSection
	GlobalSection(ProjectConfigurationPlatforms) = postSolution
		{B078871B-06FF-4FA5-8302-415F560F64ED}.Debug|Any CPU.ActiveCfg = Debug|Any CPU
		{B078871B-06FF-4FA5-8302-415F560F64ED}.Debug|Any CPU.Build.0 = Debug|Any CPU
		{B078871B-06FF-4FA5-8302-415F560F64ED}.Release|Any CPU.ActiveCfg = Release|Any CPU
		{B078871B-06FF-4FA5-8302-415F560F64ED}.Release|Any CPU.Build.0 = Release|Any CPU
		{6C0209F8-D8D5-45F8-AE1A-3170D5BA1430}.Debug|Any CPU.ActiveCfg = Debug|Any CPU
		{6C0209F8-D8D5-45F8-AE1A-3170D5BA1430}.Debug|Any CPU.Build.0 = Debug|Any CPU
		{6C0209F8-D8D5-45F8-AE1A-3170D5BA1430}.Release|Any CPU.ActiveCfg = Release|Any CPU
		{6C0209F8-D8D5-45F8-AE1A-3170D5BA1430}.Release|Any CPU.Build.0 = Release|Any CPU
		{48DA794A-4EFA-4E83-B717-B5C1A1FA5E42}.Debug|Any CPU.ActiveCfg = Debug|Any CPU
		{48DA794A-4EFA-4E83-B717-B5C1A1FA5E42}.Debug|Any CPU.Build.0 = Debug|Any CPU
		{48DA794A-4EFA-4E83-B717-B5C1A1FA5E42}.Release|Any CPU.ActiveCfg = Release|Any CPU
		{48DA794A-4EFA-4E83-B717-B5C1A1FA5E42}.Release|Any CPU.Build.0 = Release|Any CPU
	EndGlobalSection
EndGlobal
